
Microsoft Visual Studio Solution File, Format Version 12.00
# Visual Studio Version 16
VisualStudioVersion = 16.0.31321.278
MinimumVisualStudioVersion = 10.0.40219.1
Project("{FAE04EC0-301F-11D3-BF4B-00C04F79EFBC}") = "BigSchool", "BigSchool.csproj", "{EB7B38B2-4E03-4117-97FD-9AA116869C7D}"
EndProject
Global
	GlobalSection(SolutionConfigurationPlatforms) = preSolution
		Debug|Any CPU = Debug|Any CPU
		Release|Any CPU = Release|Any CPU
	EndGlobalSection
	GlobalSection(ProjectConfigurationPlatforms) = postSolution
		{EB7B38B2-4E03-4117-97FD-9AA116869C7D}.Debug|Any CPU.ActiveCfg = Debug|Any CPU
		{EB7B38B2-4E03-4117-97FD-9AA116869C7D}.Debug|Any CPU.Build.0 = Debug|Any CPU
		{EB7B38B2-4E03-4117-97FD-9AA116869C7D}.Release|Any CPU.ActiveCfg = Release|Any CPU
		{EB7B38B2-4E03-4117-97FD-9AA116869C7D}.Release|Any CPU.Build.0 = Release|Any CPU
	EndGlobalSection
	GlobalSection(SolutionProperties) = preSolution
		HideSolutionNode = FALSE
	EndGlobalSection
	GlobalSection(ExtensibilityGlobals) = postSolution
		SolutionGuid = {6109E8A2-5E0B-4138-842D-D8BF6845917C}
	EndGlobalSection
EndGlobal
